
Microsoft Visual Studio Solution File, Format Version 12.00
# Visual Studio 2012
Project("{FAE04EC0-301F-11D3-BF4B-00C04F79EFBC}") = "1.7", "1.7.csproj", "{103C80DC-0361-4360-AF17-4BCE061554FE}"
EndProject
Global
	GlobalSection(SolutionConfigurationPlatforms) = preSolution
		Debug|x86 = Debug|x86
		Release|x86 = Release|x86
	EndGlobalSection
	GlobalSection(ProjectConfigurationPlatforms) = postSolution
		{103C80DC-0361-4360-AF17-4BCE061554FE}.Debug|x86.ActiveCfg = Debug|x86
		{103C80DC-0361-4360-AF17-4BCE061554FE}.Debug|x86.Build.0 = Debug|x86
		{103C80DC-0361-4360-AF17-4BCE061554FE}.Release|x86.ActiveCfg = Release|x86
		{103C80DC-0361-4360-AF17-4BCE061554FE}.Release|x86.Build.0 = Release|x86
	EndGlobalSection
EndGlobal
