Microsoft Visual Studio Solution File, Format Version 12.00
# Visual Studio Version 16
VisualStudioVersion = 16.0.29326.143
MinimumVisualStudioVersion = 10.0.40219.1
Project("{FAE04EC0-301F-11D3-BF4B-00C04F79EFBC}") = "1.1", "1.1.csproj", "{393088AD-D81E-45BA-A7AA-446B6A69CE9C}"
EndProject
Project("{FAE04EC0-301F-11D3-BF4B-00C04F79EFBC}") = "1.2", "..\1.2\1.2.csproj", "{68D94D84-69FC-41A7-B149-C5042B7670B2}"
EndProject
Project("{FAE04EC0-301F-11D3-BF4B-00C04F79EFBC}") = "1.3", "..\1.3\1.3.csproj", "{02F707C1-EB91-43ED-9886-3403A3068279}"
EndProject
Project("{FAE04EC0-301F-11D3-BF4B-00C04F79EFBC}") = "1.4", "..\1.4\1.4.csproj", "{356F8813-17F5-401B-9ED0-8B7972B0458D}"
EndProject
Project("{FAE04EC0-301F-11D3-BF4B-00C04F79EFBC}") = "1.5", "..\1.5\1.5.csproj", "{B79E3B20-D441-4E45-8655-0F2F98163174}"
EndProject
Project("{FAE04EC0-301F-11D3-BF4B-00C04F79EFBC}") = "1.6", "..\1.6\1.6.csproj", "{9BFB06DB-33A5-491F-A074-16418FA84D7B}"
EndProject
Project("{FAE04EC0-301F-11D3-BF4B-00C04F79EFBC}") = "1.7", "..\1.7\1.7.csproj", "{103C80DC-0361-4360-AF17-4BCE061554FE}"
EndProject
Project("{FAE04EC0-301F-11D3-BF4B-00C04F79EFBC}") = "2.1", "..\2.1\2.1.csproj", "{FD4EB874-1FA5-4941-8862-1A592D696DF3}"
EndProject
Project("{FAE04EC0-301F-11D3-BF4B-00C04F79EFBC}") = "2.2", "..\2.2\2.2.csproj", "{3DE530C8-4664-419F-B306-8CDD453F414D}"
EndProject
Project("{FAE04EC0-301F-11D3-BF4B-00C04F79EFBC}") = "3.1", "..\3.1\3.1.csproj", "{FE2C2132-DCA7-4515-98D2-1F6B0CB32D52}"
EndProject
Project("{FAE04EC0-301F-11D3-BF4B-00C04F79EFBC}") = "4.1", "..\4.1\4.1.csproj", "{67C3EFEC-A221-4063-826A-CEDFA58E920C}"
EndProject
Project("{FAE04EC0-301F-11D3-BF4B-00C04F79EFBC}") = "2.3", "..\2.3 ~\2.3.csproj", "{4FB1CFC0-FFC9-4B4E-82C9-29C947C66685}"
EndProject
Global
	GlobalSection(SolutionConfigurationPlatforms) = preSolution
		Debug|x86 = Debug|x86
		Release|x86 = Release|x86
	EndGlobalSection
	GlobalSection(ProjectConfigurationPlatforms) = postSolution
		{393088AD-D81E-45BA-A7AA-446B6A69CE9C}.Debug|x86.ActiveCfg = Debug|x86
		{393088AD-D81E-45BA-A7AA-446B6A69CE9C}.Debug|x86.Build.0 = Debug|x86
		{393088AD-D81E-45BA-A7AA-446B6A69CE9C}.Release|x86.ActiveCfg = Release|x86
		{393088AD-D81E-45BA-A7AA-446B6A69CE9C}.Release|x86.Build.0 = Release|x86
		{68D94D84-69FC-41A7-B149-C5042B7670B2}.Debug|x86.ActiveCfg = Debug|x86
		{68D94D84-69FC-41A7-B149-C5042B7670B2}.Debug|x86.Build.0 = Debug|x86
		{68D94D84-69FC-41A7-B149-C5042B7670B2}.Release|x86.ActiveCfg = Release|x86
		{68D94D84-69FC-41A7-B149-C5042B7670B2}.Release|x86.Build.0 = Release|x86
		{02F707C1-EB91-43ED-9886-3403A3068279}.Debug|x86.ActiveCfg = Debug|x86
		{02F707C1-EB91-43ED-9886-3403A3068279}.Debug|x86.Build.0 = Debug|x86
		{02F707C1-EB91-43ED-9886-3403A3068279}.Release|x86.ActiveCfg = Release|x86
		{02F707C1-EB91-43ED-9886-3403A3068279}.Release|x86.Build.0 = Release|x86
		{356F8813-17F5-401B-9ED0-8B7972B0458D}.Debug|x86.ActiveCfg = Debug|x86
		{356F8813-17F5-401B-9ED0-8B7972B0458D}.Debug|x86.Build.0 = Debug|x86
		{356F8813-17F5-401B-9ED0-8B7972B0458D}.Release|x86.ActiveCfg = Release|x86
		{356F8813-17F5-401B-9ED0-8B7972B0458D}.Release|x86.Build.0 = Release|x86
		{B79E3B20-D441-4E45-8655-0F2F98163174}.Debug|x86.ActiveCfg = Debug|x86
		{B79E3B20-D441-4E45-8655-0F2F98163174}.Debug|x86.Build.0 = Debug|x86
		{B79E3B20-D441-4E45-8655-0F2F98163174}.Release|x86.ActiveCfg = Release|x86
		{B79E3B20-D441-4E45-8655-0F2F98163174}.Release|x86.Build.0 = Release|x86
		{9BFB06DB-33A5-491F-A074-16418FA84D7B}.Debug|x86.ActiveCfg = Debug|x86
		{9BFB06DB-33A5-491F-A074-16418FA84D7B}.Debug|x86.Build.0 = Debug|x86
		{9BFB06DB-33A5-491F-A074-16418FA84D7B}.Release|x86.ActiveCfg = Release|x86
		{9BFB06DB-33A5-491F-A074-16418FA84D7B}.Release|x86.Build.0 = Release|x86
		{103C80DC-0361-4360-AF17-4BCE061554FE}.Debug|x86.ActiveCfg = Debug|x86
		{103C80DC-0361-4360-AF17-4BCE061554FE}.Debug|x86.Build.0 = Debug|x86
		{103C80DC-0361-4360-AF17-4BCE061554FE}.Release|x86.ActiveCfg = Release|x86
		{103C80DC-0361-4360-AF17-4BCE061554FE}.Release|x86.Build.0 = Release|x86
		{FD4EB874-1FA5-4941-8862-1A592D696DF3}.Debug|x86.ActiveCfg = Debug|x86
		{FD4EB874-1FA5-4941-8862-1A592D696DF3}.Debug|x86.Build.0 = Debug|x86
		{FD4EB874-1FA5-4941-8862-1A592D696DF3}.Release|x86.ActiveCfg = Release|x86
		{FD4EB874-1FA5-4941-8862-1A592D696DF3}.Release|x86.Build.0 = Release|x86
		{3DE530C8-4664-419F-B306-8CDD453F414D}.Debug|x86.ActiveCfg = Debug|x86
		{3DE530C8-4664-419F-B306-8CDD453F414D}.Debug|x86.Build.0 = Debug|x86
		{3DE530C8-4664-419F-B306-8CDD453F414D}.Release|x86.ActiveCfg = Release|x86
		{3DE530C8-4664-419F-B306-8CDD453F414D}.Release|x86.Build.0 = Release|x86
		{FE2C2132-DCA7-4515-98D2-1F6B0CB32D52}.Debug|x86.ActiveCfg = Debug|x86
		{FE2C2132-DCA7-4515-98D2-1F6B0CB32D52}.Debug|x86.Build.0 = Debug|x86
		{FE2C2132-DCA7-4515-98D2-1F6B0CB32D52}.Release|x86.ActiveCfg = Release|x86
		{FE2C2132-DCA7-4515-98D2-1F6B0CB32D52}.Release|x86.Build.0 = Release|x86
		{67C3EFEC-A221-4063-826A-CEDFA58E920C}.Debug|x86.ActiveCfg = Debug|x86
		{67C3EFEC-A221-4063-826A-CEDFA58E920C}.Debug|x86.Build.0 = Debug|x86
		{67C3EFEC-A221-4063-826A-CEDFA58E920C}.Release|x86.ActiveCfg = Release|x86
		{67C3EFEC-A221-4063-826A-CEDFA58E920C}.Release|x86.Build.0 = Release|x86
		{4FB1CFC0-FFC9-4B4E-82C9-29C947C66685}.Debug|x86.ActiveCfg = Debug|x86
		{4FB1CFC0-FFC9-4B4E-82C9-29C947C66685}.Debug|x86.Build.0 = Debug|x86
		{4FB1CFC0-FFC9-4B4E-82C9-29C947C66685}.Release|x86.ActiveCfg = Release|x86
		{4FB1CFC0-FFC9-4B4E-82C9-29C947C66685}.Release|x86.Build.0 = Release|x86
	EndGlobalSection
	GlobalSection(SolutionProperties) = preSolution
		HideSolutionNode = FALSE
	EndGlobalSection
	GlobalSection(ExtensibilityGlobals) = postSolution
		SolutionGuid = {EAAEF9AC-FAB8-4C3E-9EDF-4810CD58EEB3}
	EndGlobalSection
EndGlobal
